
Microsoft Visual Studio Solution File, Format Version 12.00
# Visual Studio 15
VisualStudioVersion = 15.0.28010.2041
MinimumVisualStudioVersion = 10.0.40219.1
Project("{8BC9CEB8-8B4A-11D0-8D11-00A0C91BC942}") = "二叉树操作实验", "二叉树操作实验\二叉树操作实验.vcxproj", "{D9D335D3-CE10-4D56-BAE4-2872EB9198E3}"
EndProject
Global
	GlobalSection(SolutionConfigurationPlatforms) = preSolution
		Debug|x64 = Debug|x64
		Debug|x86 = Debug|x86
		Release|x64 = Release|x64
		Release|x86 = Release|x86
	EndGlobalSection
	GlobalSection(ProjectConfigurationPlatforms) = postSolution
		{D9D335D3-CE10-4D56-BAE4-2872EB9198E3}.Debug|x64.ActiveCfg = Debug|x64
		{D9D335D3-CE10-4D56-BAE4-2872EB9198E3}.Debug|x64.Build.0 = Debug|x64
		{D9D335D3-CE10-4D56-BAE4-2872EB9198E3}.Debug|x86.ActiveCfg = Debug|Win32
		{D9D335D3-CE10-4D56-BAE4-2872EB9198E3}.Debug|x86.Build.0 = Debug|Win32
		{D9D335D3-CE10-4D56-BAE4-2872EB9198E3}.Release|x64.ActiveCfg = Release|x64
		{D9D335D3-CE10-4D56-BAE4-2872EB9198E3}.Release|x64.Build.0 = Release|x64
		{D9D335D3-CE10-4D56-BAE4-2872EB9198E3}.Release|x86.ActiveCfg = Release|Win32
		{D9D335D3-CE10-4D56-BAE4-2872EB9198E3}.Release|x86.Build.0 = Release|Win32
	EndGlobalSection
	GlobalSection(SolutionProperties) = preSolution
		HideSolutionNode = FALSE
	EndGlobalSection
	GlobalSection(ExtensibilityGlobals) = postSolution
		SolutionGuid = {B40D1DE1-2425-4651-AF42-58B8A199D261}
	EndGlobalSection
EndGlobal
